<Solution>
  <Folder Name="/src/">
    <Project Path="src/CieloHud.App/CieloHud.App.csproj" />
    <Project Path="src/CieloHud.Console/CieloHud.Console.csproj" />
    <Project Path="src/CieloHud.Core/CieloHud.Core.csproj" />
  </Folder>
  <Folder Name="/tests/">
    <Project Path="tests/CieloHud.Core.Tests/CieloHud.Core.Tests.csproj" />
  </Folder>
</Solution>
